Microsoft Visual Studio Solution File, Format Version 12.00
# Visual Studio Version 17
VisualStudioVersion = 17.5.2.0
MinimumVisualStudioVersion = 10.0.40219.1
Project("{2150E333-8FDC-42A3-9474-1A3956D46DE8}") = "DAY10", "DAY10", "{554B723E-3275-75AE-B22E-36C2D5E52422}"
EndProject
Project("{2150E333-8FDC-42A3-9474-1A3956D46DE8}") = "DAY26", "DAY26", "{0A267322-DCEB-CAF9-DE90-80C9AE4D99E4}"
EndProject
Project("{2150E333-8FDC-42A3-9474-1A3956D46DE8}") = "DAY27", "DAY27", "{BEA33373-5089-3FBE-76B3-EE230401DB4A}"
EndProject
Project("{2150E333-8FDC-42A3-9474-1A3956D46DE8}") = "DAY28", "DAY28", "{3EEC0E6C-C457-BE7B-9BFC-70EB9F55F7CA}"
EndProject
Project("{2150E333-8FDC-42A3-9474-1A3956D46DE8}") = "DAY29", "DAY29", "{9CFB4FA6-C759-9637-F403-E6A40A1A4A71}"
EndProject
Project("{2150E333-8FDC-42A3-9474-1A3956D46DE8}") = "DAY30", "DAY30", "{F58AA227-5690-665D-18C4-BB4789984C2F}"
EndProject
Project("{2150E333-8FDC-42A3-9474-1A3956D46DE8}") = "DAY31", "DAY31", "{C80A8E99-8B5D-8913-FAAE-5ADBD8F32CC0}"
EndProject
Project("{2150E333-8FDC-42A3-9474-1A3956D46DE8}") = "DAY32", "DAY32", "{53D3620C-8177-3619-8F78-DB070793E600}"
EndProject
Project("{2150E333-8FDC-42A3-9474-1A3956D46DE8}") = "DAY34", "DAY34", "{F94CEADF-DDBC-8C41-5C13-1A5D0ACF4DD4}"
EndProject
Project("{2150E333-8FDC-42A3-9474-1A3956D46DE8}") = "DAY35", "DAY35", "{38C1EAAD-0BAF-87CD-86FE-3EC46DECE213}"
EndProject
Project("{2150E333-8FDC-42A3-9474-1A3956D46DE8}") = "DAY36", "DAY36", "{810405E8-7ACE-0091-C092-CAA891491A06}"
EndProject
Project("{FAE04EC0-301F-11D3-BF4B-00C04F79EFBC}") = "MiddlewareApp", "DAY10\MiddlewareApp\MiddlewareApp.csproj", "{03D7F6AC-28EC-11CC-A8FA-628C2E127C19}"
EndProject
Project("{FAE04EC0-301F-11D3-BF4B-00C04F79EFBC}") = "RazorPagesApp", "DAY10\RazorPagesApp\RazorPagesApp.csproj", "{0F5F2C93-C61D-2666-B3B9-F4D2A41CDEB5}"
EndProject
Project("{FAE04EC0-301F-11D3-BF4B-00C04F79EFBC}") = "RazorDemo", "DAY26\RazorDemo\RazorDemo.csproj", "{62CD6C57-AA2F-FCC4-A8A8-1FD6F4325389}"
EndProject
Project("{FAE04EC0-301F-11D3-BF4B-00C04F79EFBC}") = "TagHelpersDemo", "DAY27\TagHelpersDemo\TagHelpersDemo.csproj", "{3DF91440-FACE-AD84-6C17-3126FE9B861E}"
EndProject
Project("{FAE04EC0-301F-11D3-BF4B-00C04F79EFBC}") = "ValidationsDemo", "DAY27\ValidationsDemo\ValidationsDemo.csproj", "{4900E66A-8C26-A18E-B699-4560CA1C7475}"
EndProject
Project("{FAE04EC0-301F-11D3-BF4B-00C04F79EFBC}") = "AdvancedRoutingDemo", "DAY28\AdvancedRoutingDemo\AdvancedRoutingDemo.csproj", "{BAD34E48-50CE-A5E7-E893-274F5071C86F}"
EndProject
Project("{FAE04EC0-301F-11D3-BF4B-00C04F79EFBC}") = "FiltersDemo", "DAY28\FiltersDemo\FiltersDemo.csproj", "{2BCC1050-4801-1DFC-F517-2C92BF86F57B}"
EndProject
Project("{FAE04EC0-301F-11D3-BF4B-00C04F79EFBC}") = "FullFeatureApp", "DAY29\FullFeatureApp\FullFeatureApp.csproj", "{28F42B1B-DC9C-C316-A216-DEEC16C3A397}"
EndProject
Project("{FAE04EC0-301F-11D3-BF4B-00C04F79EFBC}") = "AdoNetDemo", "DAY30\AdoNetDemo\AdoNetDemo.csproj", "{71EBF426-A608-4FB8-12EE-930B325264E7}"
EndProject
Project("{FAE04EC0-301F-11D3-BF4B-00C04F79EFBC}") = "EFCoreCodeFirst", "DAY31\EFCoreCodeFirst\EFCoreCodeFirst.csproj", "{ED6F71E9-BE5B-04C9-1AC0-9658E3D60365}"
EndProject
Project("{FAE04EC0-301F-11D3-BF4B-00C04F79EFBC}") = "EFCoreDatabaseFirst", "DAY31\EFCoreDatabaseFirst\EFCoreDatabaseFirst.csproj", "{503153F0-03FF-BC36-463E-FEC8320668F8}"
EndProject
Project("{FAE04EC0-301F-11D3-BF4B-00C04F79EFBC}") = "EFCoreCRUDDemo", "DAY32\EFCoreCRUDDemo\EFCoreCRUDDemo.csproj", "{BAFFD451-DC99-292A-2BB3-8BF09CC54896}"
EndProject
Project("{FAE04EC0-301F-11D3-BF4B-00C04F79EFBC}") = "AuthDemoApp", "DAY34\AuthDemoApp\AuthDemoApp.csproj", "{217D8A61-B9D4-DD19-1DF2-D257917ED90F}"
EndProject
Project("{FAE04EC0-301F-11D3-BF4B-00C04F79EFBC}") = "JwtAuthDemoApp", "DAY35\JwtAuthDemoApp\JwtAuthDemoApp.csproj", "{D59B0D80-4A55-EE85-71D3-387F6383B69A}"
EndProject
Project("{FAE04EC0-301F-11D3-BF4B-00C04F79EFBC}") = "ApiGateway", "DAY36\ApiGateway\ApiGateway.csproj", "{42C9B775-DDC1-6708-DCDF-0214BBAF6E46}"
EndProject
Project("{FAE04EC0-301F-11D3-BF4B-00C04F79EFBC}") = "RestApiApp", "DAY36\RestApiApp\RestApiApp.csproj", "{07BD944E-5430-E170-E9B3-8BC51C1E4D8C}"
EndProject
Global
	GlobalSection(SolutionConfigurationPlatforms) = preSolution
		Debug|Any CPU = Debug|Any CPU
		Release|Any CPU = Release|Any CPU
	EndGlobalSection
	GlobalSection(ProjectConfigurationPlatforms) = postSolution
		{03D7F6AC-28EC-11CC-A8FA-628C2E127C19}.Debug|Any CPU.ActiveCfg = Debug|Any CPU
		{03D7F6AC-28EC-11CC-A8FA-628C2E127C19}.Debug|Any CPU.Build.0 = Debug|Any CPU
		{03D7F6AC-28EC-11CC-A8FA-628C2E127C19}.Release|Any CPU.ActiveCfg = Release|Any CPU
		{03D7F6AC-28EC-11CC-A8FA-628C2E127C19}.Release|Any CPU.Build.0 = Release|Any CPU
		{0F5F2C93-C61D-2666-B3B9-F4D2A41CDEB5}.Debug|Any CPU.ActiveCfg = Debug|Any CPU
		{0F5F2C93-C61D-2666-B3B9-F4D2A41CDEB5}.Debug|Any CPU.Build.0 = Debug|Any CPU
		{0F5F2C93-C61D-2666-B3B9-F4D2A41CDEB5}.Release|Any CPU.ActiveCfg = Release|Any CPU
		{0F5F2C93-C61D-2666-B3B9-F4D2A41CDEB5}.Release|Any CPU.Build.0 = Release|Any CPU
		{62CD6C57-AA2F-FCC4-A8A8-1FD6F4325389}.Debug|Any CPU.ActiveCfg = Debug|Any CPU
		{62CD6C57-AA2F-FCC4-A8A8-1FD6F4325389}.Debug|Any CPU.Build.0 = Debug|Any CPU
		{62CD6C57-AA2F-FCC4-A8A8-1FD6F4325389}.Release|Any CPU.ActiveCfg = Release|Any CPU
		{62CD6C57-AA2F-FCC4-A8A8-1FD6F4325389}.Release|Any CPU.Build.0 = Release|Any CPU
		{3DF91440-FACE-AD84-6C17-3126FE9B861E}.Debug|Any CPU.ActiveCfg = Debug|Any CPU
		{3DF91440-FACE-AD84-6C17-3126FE9B861E}.Debug|Any CPU.Build.0 = Debug|Any CPU
		{3DF91440-FACE-AD84-6C17-3126FE9B861E}.Release|Any CPU.ActiveCfg = Release|Any CPU
		{3DF91440-FACE-AD84-6C17-3126FE9B861E}.Release|Any CPU.Build.0 = Release|Any CPU
		{4900E66A-8C26-A18E-B699-4560CA1C7475}.Debug|Any CPU.ActiveCfg = Debug|Any CPU
		{4900E66A-8C26-A18E-B699-4560CA1C7475}.Debug|Any CPU.Build.0 = Debug|Any CPU
		{4900E66A-8C26-A18E-B699-4560CA1C7475}.Release|Any CPU.ActiveCfg = Release|Any CPU
		{4900E66A-8C26-A18E-B699-4560CA1C7475}.Release|Any CPU.Build.0 = Release|Any CPU
		{BAD34E48-50CE-A5E7-E893-274F5071C86F}.Debug|Any CPU.ActiveCfg = Debug|Any CPU
		{BAD34E48-50CE-A5E7-E893-274F5071C86F}.Debug|Any CPU.Build.0 = Debug|Any CPU
		{BAD34E48-50CE-A5E7-E893-274F5071C86F}.Release|Any CPU.ActiveCfg = Release|Any CPU
		{BAD34E48-50CE-A5E7-E893-274F5071C86F}.Release|Any CPU.Build.0 = Release|Any CPU
		{2BCC1050-4801-1DFC-F517-2C92BF86F57B}.Debug|Any CPU.ActiveCfg = Debug|Any CPU
		{2BCC1050-4801-1DFC-F517-2C92BF86F57B}.Debug|Any CPU.Build.0 = Debug|Any CPU
		{2BCC1050-4801-1DFC-F517-2C92BF86F57B}.Release|Any CPU.ActiveCfg = Release|Any CPU
		{2BCC1050-4801-1DFC-F517-2C92BF86F57B}.Release|Any CPU.Build.0 = Release|Any CPU
		{28F42B1B-DC9C-C316-A216-DEEC16C3A397}.Debug|Any CPU.ActiveCfg = Debug|Any CPU
		{28F42B1B-DC9C-C316-A216-DEEC16C3A397}.Debug|Any CPU.Build.0 = Debug|Any CPU
		{28F42B1B-DC9C-C316-A216-DEEC16C3A397}.Release|Any CPU.ActiveCfg = Release|Any CPU
		{28F42B1B-DC9C-C316-A216-DEEC16C3A397}.Release|Any CPU.Build.0 = Release|Any CPU
		{71EBF426-A608-4FB8-12EE-930B325264E7}.Debug|Any CPU.ActiveCfg = Debug|Any CPU
		{71EBF426-A608-4FB8-12EE-930B325264E7}.Debug|Any CPU.Build.0 = Debug|Any CPU
		{71EBF426-A608-4FB8-12EE-930B325264E7}.Release|Any CPU.ActiveCfg = Release|Any CPU
		{71EBF426-A608-4FB8-12EE-930B325264E7}.Release|Any CPU.Build.0 = Release|Any CPU
		{ED6F71E9-BE5B-04C9-1AC0-9658E3D60365}.Debug|Any CPU.ActiveCfg = Debug|Any CPU
		{ED6F71E9-BE5B-04C9-1AC0-9658E3D60365}.Debug|Any CPU.Build.0 = Debug|Any CPU
		{ED6F71E9-BE5B-04C9-1AC0-9658E3D60365}.Release|Any CPU.ActiveCfg = Release|Any CPU
		{ED6F71E9-BE5B-04C9-1AC0-9658E3D60365}.Release|Any CPU.Build.0 = Release|Any CPU
		{503153F0-03FF-BC36-463E-FEC8320668F8}.Debug|Any CPU.ActiveCfg = Debug|Any CPU
		{503153F0-03FF-BC36-463E-FEC8320668F8}.Debug|Any CPU.Build.0 = Debug|Any CPU
		{503153F0-03FF-BC36-463E-FEC8320668F8}.Release|Any CPU.ActiveCfg = Release|Any CPU
		{503153F0-03FF-BC36-463E-FEC8320668F8}.Release|Any CPU.Build.0 = Release|Any CPU
		{BAFFD451-DC99-292A-2BB3-8BF09CC54896}.Debug|Any CPU.ActiveCfg = Debug|Any CPU
		{BAFFD451-DC99-292A-2BB3-8BF09CC54896}.Debug|Any CPU.Build.0 = Debug|Any CPU
		{BAFFD451-DC99-292A-2BB3-8BF09CC54896}.Release|Any CPU.ActiveCfg = Release|Any CPU
		{BAFFD451-DC99-292A-2BB3-8BF09CC54896}.Release|Any CPU.Build.0 = Release|Any CPU
		{217D8A61-B9D4-DD19-1DF2-D257917ED90F}.Debug|Any CPU.ActiveCfg = Debug|Any CPU
		{217D8A61-B9D4-DD19-1DF2-D257917ED90F}.Debug|Any CPU.Build.0 = Debug|Any CPU
		{217D8A61-B9D4-DD19-1DF2-D257917ED90F}.Release|Any CPU.ActiveCfg = Release|Any CPU
		{217D8A61-B9D4-DD19-1DF2-D257917ED90F}.Release|Any CPU.Build.0 = Release|Any CPU
		{D59B0D80-4A55-EE85-71D3-387F6383B69A}.Debug|Any CPU.ActiveCfg = Debug|Any CPU
		{D59B0D80-4A55-EE85-71D3-387F6383B69A}.Debug|Any CPU.Build.0 = Debug|Any CPU
		{D59B0D80-4A55-EE85-71D3-387F6383B69A}.Release|Any CPU.ActiveCfg = Release|Any CPU
		{D59B0D80-4A55-EE85-71D3-387F6383B69A}.Release|Any CPU.Build.0 = Release|Any CPU
		{42C9B775-DDC1-6708-DCDF-0214BBAF6E46}.Debug|Any CPU.ActiveCfg = Debug|Any CPU
		{42C9B775-DDC1-6708-DCDF-0214BBAF6E46}.Debug|Any CPU.Build.0 = Debug|Any CPU
		{42C9B775-DDC1-6708-DCDF-0214BBAF6E46}.Release|Any CPU.ActiveCfg = Release|Any CPU
		{42C9B775-DDC1-6708-DCDF-0214BBAF6E46}.Release|Any CPU.Build.0 = Release|Any CPU
		{07BD944E-5430-E170-E9B3-8BC51C1E4D8C}.Debug|Any CPU.ActiveCfg = Debug|Any CPU
		{07BD944E-5430-E170-E9B3-8BC51C1E4D8C}.Debug|Any CPU.Build.0 = Debug|Any CPU
		{07BD944E-5430-E170-E9B3-8BC51C1E4D8C}.Release|Any CPU.ActiveCfg = Release|Any CPU
		{07BD944E-5430-E170-E9B3-8BC51C1E4D8C}.Release|Any CPU.Build.0 = Release|Any CPU
	EndGlobalSection
	GlobalSection(SolutionProperties) = preSolution
		HideSolutionNode = FALSE
	EndGlobalSection
	GlobalSection(NestedProjects) = preSolution
		{03D7F6AC-28EC-11CC-A8FA-628C2E127C19} = {554B723E-3275-75AE-B22E-36C2D5E52422}
		{0F5F2C93-C61D-2666-B3B9-F4D2A41CDEB5} = {554B723E-3275-75AE-B22E-36C2D5E52422}
		{62CD6C57-AA2F-FCC4-A8A8-1FD6F4325389} = {0A267322-DCEB-CAF9-DE90-80C9AE4D99E4}
		{3DF91440-FACE-AD84-6C17-3126FE9B861E} = {BEA33373-5089-3FBE-76B3-EE230401DB4A}
		{4900E66A-8C26-A18E-B699-4560CA1C7475} = {BEA33373-5089-3FBE-76B3-EE230401DB4A}
		{BAD34E48-50CE-A5E7-E893-274F5071C86F} = {3EEC0E6C-C457-BE7B-9BFC-70EB9F55F7CA}
		{2BCC1050-4801-1DFC-F517-2C92BF86F57B} = {3EEC0E6C-C457-BE7B-9BFC-70EB9F55F7CA}
		{28F42B1B-DC9C-C316-A216-DEEC16C3A397} = {9CFB4FA6-C759-9637-F403-E6A40A1A4A71}
		{71EBF426-A608-4FB8-12EE-930B325264E7} = {F58AA227-5690-665D-18C4-BB4789984C2F}
		{ED6F71E9-BE5B-04C9-1AC0-9658E3D60365} = {C80A8E99-8B5D-8913-FAAE-5ADBD8F32CC0}
		{503153F0-03FF-BC36-463E-FEC8320668F8} = {C80A8E99-8B5D-8913-FAAE-5ADBD8F32CC0}
		{BAFFD451-DC99-292A-2BB3-8BF09CC54896} = {53D3620C-8177-3619-8F78-DB070793E600}
		{217D8A61-B9D4-DD19-1DF2-D257917ED90F} = {F94CEADF-DDBC-8C41-5C13-1A5D0ACF4DD4}
		{D59B0D80-4A55-EE85-71D3-387F6383B69A} = {38C1EAAD-0BAF-87CD-86FE-3EC46DECE213}
		{42C9B775-DDC1-6708-DCDF-0214BBAF6E46} = {810405E8-7ACE-0091-C092-CAA891491A06}
		{07BD944E-5430-E170-E9B3-8BC51C1E4D8C} = {810405E8-7ACE-0091-C092-CAA891491A06}
	EndGlobalSection
	GlobalSection(ExtensibilityGlobals) = postSolution
		SolutionGuid = {588C96E8-A17E-452A-A7E8-6C59A336EA1D}
	EndGlobalSection
EndGlobal
